
Microsoft Visual Studio Solution File, Format Version 12.00
# Visual Studio Version 17
VisualStudioVersion = 17.10.34928.147
MinimumVisualStudioVersion = 10.0.40219.1
Project("{FAE04EC0-301F-11D3-BF4B-00C04F79EFBC}") = "WinFormsApp1", "WinFormsApp1\WinFormsApp1.csproj", "{FE8BE56C-7F80-4323-8D50-BADC4D81790C}"
EndProject
Global
	GlobalSection(SolutionConfigurationPlatforms) = preSolution
		Debug|Any CPU = Debug|Any CPU
		Release|Any CPU = Release|Any CPU
	EndGlobalSection
	GlobalSection(ProjectConfigurationPlatforms) = postSolution
		{FE8BE56C-7F80-4323-8D50-BADC4D81790C}.Debug|Any CPU.ActiveCfg = Debug|Any CPU
		{FE8BE56C-7F80-4323-8D50-BADC4D81790C}.Debug|Any CPU.Build.0 = Debug|Any CPU
		{FE8BE56C-7F80-4323-8D50-BADC4D81790C}.Release|Any CPU.ActiveCfg = Release|Any CPU
		{FE8BE56C-7F80-4323-8D50-BADC4D81790C}.Release|Any CPU.Build.0 = Release|Any CPU
	EndGlobalSection
	GlobalSection(SolutionProperties) = preSolution
		HideSolutionNode = FALSE
	EndGlobalSection
	GlobalSection(ExtensibilityGlobals) = postSolution
		SolutionGuid = {D8D5B694-8736-4E1D-A370-7844EC6E6D1E}
	EndGlobalSection
EndGlobal
